PODS:
  - Alamofire (4.9.1)
  - ChameleonFramework (2.1.0):
    - ChameleonFramework/Default (= 2.1.0)
  - ChameleonFramework/Default (2.1.0)
  - Cosmos (20.0.1)
  - Moya (13.0.1):
    - Moya/Core (= 13.0.1)
  - Moya/Core (13.0.1):
    - Alamofire (~> 4.1)
    - Result (~> 4.1)
  - Realm (4.1.1):
    - Realm/Headers (= 4.1.1)
  - Realm/Headers (4.1.1)
  - RealmSwift (4.1.1):
    - Realm (= 4.1.1)
  - Result (4.1.0)
  - SDWebImage (5.4.0):
    - SDWebImage/Core (= 5.4.0)
  - SDWebImage/Core (5.4.0)
  - SVProgressHUD (2.2.5)
  - SwiftyJSON (5.0.0)

DEPENDENCIES:
  - ChameleonFramework
  - Cosmos
  - Moya
  - RealmSwift
  - SDWebImage
  - SVProgressHUD
  - SwiftyJSON

SPEC REPOS:
  trunk:
    - Alamofire
    - ChameleonFramework
    - Cosmos
    - Moya
    - Realm
    - RealmSwift
    - Result
    - SDWebImage
    - SVProgressHUD
    - SwiftyJSON

SPEC CHECKSUMS:
  Alamofire: 85e8a02c69d6020a0d734f6054870d7ecb75cf18
  ChameleonFramework: d21a3cc247abfe5e37609a283a8238b03575cf64
  Cosmos: b47fddf2102bb48580cd3025d9ce0a5c658a65da
  Moya: f4a4b80ff2f8a4ffc208dfb31cd91636622fee6e
  Realm: 25f0a8244cbb1c2271c922963ea8666fc2d8104d
  RealmSwift: 9e2657b33764f80e4a4dffd6d440e24715782052
  Result: bd966fac789cc6c1563440b348ab2598cc24d5c7
  SDWebImage: 5bf6aec6481ae2a062bdc59f9d6c1d1e552090e0
  SVProgressHUD: 1428aafac632c1f86f62aa4243ec12008d7a51d6
  SwiftyJSON: 36413e04c44ee145039d332b4f4e2d3e8d6c4db7

PODFILE CHECKSUM: 8b12db7ca5f36e4795e6fb6faf641eeecae3772e

COCOAPODS: 1.8.3
